// !$*UTF8*$!
{
	archiveVersion = 1;
	classes = {
	};
	objectVersion = 50;
	objects = {

/* Begin PBXBuildFile section */
		CC300E2B268B88A600F799D4 /* CalculatorButton.swift in Sources */ = {isa = PBXBuildFile; fileRef = CC300E2A268B88A600F799D4 /* CalculatorButton.swift */; };
		CC58172426919D78004AB6FA /* CalculatorBackend.swift in Sources */ = {isa = PBXBuildFile; fileRef = CC58172326919D78004AB6FA /* CalculatorBackend.swift */; };
		CC58172A26922C63004AB6FA /* BinaryOperator.swift in Sources */ = {isa = PBXBuildFile; fileRef = CC58172926922C62004AB6FA /* BinaryOperator.swift */; };
		CCA6E6BD26899B68008217C9 /* AppDelegate.swift in Sources */ = {isa = PBXBuildFile; fileRef = CCA6E6BC26899B68008217C9 /* AppDelegate.swift */; };
		CCA6E6BF26899B68008217C9 /* SceneDelegate.swift in Sources */ = {isa = PBXBuildFile; fileRef = CCA6E6BE26899B68008217C9 /* SceneDelegate.swift */; };
		CCA6E6C126899B68008217C9 /* ViewController.swift in Sources */ = {isa = PBXBuildFile; fileRef = CCA6E6C026899B68008217C9 /* ViewController.swift */; };
		CCA6E6C426899B68008217C9 /* Main.storyboard in Resources */ = {isa = PBXBuildFile; fileRef = CCA6E6C226899B68008217C9 /* Main.storyboard */; };
		CCA6E6C626899B69008217C9 /* Assets.xcassets in Resources */ = {isa = PBXBuildFile; fileRef = CCA6E6C526899B69008217C9 /* Assets.xcassets */; };
		CCA6E6C926899B69008217C9 /* LaunchScreen.storyboard in Resources */ = {isa = PBXBuildFile; fileRef = CCA6E6C726899B69008217C9 /* LaunchScreen.storyboard */; };
/* End PBXBuildFile section */

/* Begin PBXFileReference section */
		CC300E2A268B88A600F799D4 /* CalculatorButton.swift */ = {isa = PBXFileReference; lastKnownFileType = sourcecode.swift; path = CalculatorButton.swift; sourceTree = "<group>"; };
		CC58172326919D78004AB6FA /* CalculatorBackend.swift */ = {isa = PBXFileReference; lastKnownFileType = sourcecode.swift; path = CalculatorBackend.swift; sourceTree = "<group>"; };
		CC58172926922C62004AB6FA /* BinaryOperator.swift */ = {isa = PBXFileReference; lastKnownFileType = sourcecode.swift; path = BinaryOperator.swift; sourceTree = "<group>"; };
		CCA6E6B926899B68008217C9 /* CalculatorClone.app */ = {isa = PBXFileReference; explicitFileType = wrapper.application; includeInIndex = 0; path = CalculatorClone.app; sourceTree = BUILT_PRODUCTS_DIR; };
		CCA6E6BC26899B68008217C9 /* AppDelegate.swift */ = {isa = PBXFileReference; lastKnownFileType = sourcecode.swift; path = AppDelegate.swift; sourceTree = "<group>"; };
		CCA6E6BE26899B68008217C9 /* SceneDelegate.swift */ = {isa = PBXFileReference; lastKnownFileType = sourcecode.swift; path = SceneDelegate.swift; sourceTree = "<group>"; };
		CCA6E6C026899B68008217C9 /* ViewController.swift */ = {isa = PBXFileReference; lastKnownFileType = sourcecode.swift; path = ViewController.swift; sourceTree = "<group>"; };
		CCA6E6C326899B68008217C9 /* Base */ = {isa = PBXFileReference; lastKnownFileType = file.storyboard; name = Base; path = Base.lproj/Main.storyboard; sourceTree = "<group>"; };
		CCA6E6C526899B69008217C9 /* Assets.xcassets */ = {isa = PBXFileReference; lastKnownFileType = folder.assetcatalog; path = Assets.xcassets; sourceTree = "<group>"; };
		CCA6E6C826899B69008217C9 /* Base */ = {isa = PBXFileReference; lastKnownFileType = file.storyboard; name = Base; path = Base.lproj/LaunchScreen.storyboard; sourceTree = "<group>"; };
		CCA6E6CA26899B69008217C9 /* Info.plist */ = {isa = PBXFileReference; lastKnownFileType = text.plist.xml; path = Info.plist; sourceTree = "<group>"; };
/* End PBXFileReference section */

/* Begin PBXFrameworksBuildPhase section */
		CCA6E6B626899B67008217C9 /* Frameworks */ = {
			isa = PBXFrameworksBuildPhase;
			buildActionMask = 2147483647;
			files = (
			);
			runOnlyForDeploymentPostprocessing = 0;
		};
/* End PBXFrameworksBuildPhase section */

/* Begin PBXGroup section */
		CC58172026919B82004AB6FA /* Model */ = {
			isa = PBXGroup;
			children = (
				CC58172326919D78004AB6FA /* CalculatorBackend.swift */,
				CC58172926922C62004AB6FA /* BinaryOperator.swift */,
			);
			path = Model;
			sourceTree = "<group>";
		};
		CC58172126919B8C004AB6FA /* View */ = {
			isa = PBXGroup;
			children = (
				CC300E2A268B88A600F799D4 /* CalculatorButton.swift */,
			);
			path = View;
			sourceTree = "<group>";
		};
		CC58172226919B92004AB6FA /* Controller */ = {
			isa = PBXGroup;
			children = (
				CCA6E6C026899B68008217C9 /* ViewController.swift */,
			);
			path = Controller;
			sourceTree = "<group>";
		};
		CCA6E6B026899B67008217C9 = {
			isa = PBXGroup;
			children = (
				CCA6E6BB26899B68008217C9 /* CalculatorClone */,
				CCA6E6BA26899B68008217C9 /* Products */,
			);
			sourceTree = "<group>";
		};
		CCA6E6BA26899B68008217C9 /* Products */ = {
			isa = PBXGroup;
			children = (
				CCA6E6B926899B68008217C9 /* CalculatorClone.app */,
			);
			name = Products;
			sourceTree = "<group>";
		};
		CCA6E6BB26899B68008217C9 /* CalculatorClone */ = {
			isa = PBXGroup;
			children = (
				CC58172026919B82004AB6FA /* Model */,
				CC58172126919B8C004AB6FA /* View */,
				CC58172226919B92004AB6FA /* Controller */,
				CCA6E6BC26899B68008217C9 /* AppDelegate.swift */,
				CCA6E6BE26899B68008217C9 /* SceneDelegate.swift */,
				CCA6E6C226899B68008217C9 /* Main.storyboard */,
				CCA6E6C526899B69008217C9 /* Assets.xcassets */,
				CCA6E6C726899B69008217C9 /* LaunchScreen.storyboard */,
				CCA6E6CA26899B69008217C9 /* Info.plist */,
			);
			path = CalculatorClone;
			sourceTree = "<group>";
		};
/* End PBXGroup section */

/* Begin PBXNativeTarget section */
		CCA6E6B826899B67008217C9 /* CalculatorClone */ = {
			isa = PBXNativeTarget;
			buildConfigurationList = CCA6E6CD26899B69008217C9 /* Build configuration list for PBXNativeTarget "CalculatorClone" */;
			buildPhases = (
				CCA6E6B526899B67008217C9 /* Sources */,
				CCA6E6B626899B67008217C9 /* Frameworks */,
				CCA6E6B726899B67008217C9 /* Resources */,
			);
			buildRules = (
			);
			dependencies = (
			);
			name = CalculatorClone;
			productName = CalculatorClone;
			productReference = CCA6E6B926899B68008217C9 /* CalculatorClone.app */;
			productType = "com.apple.product-type.application";
		};
/* End PBXNativeTarget section */

/* Begin PBXProject section */
		CCA6E6B126899B67008217C9 /* Project object */ = {
			isa = PBXProject;
			attributes = {
				LastSwiftUpdateCheck = 1250;
				LastUpgradeCheck = 1250;
				TargetAttributes = {
					CCA6E6B826899B67008217C9 = {
						CreatedOnToolsVersion = 12.5.1;
					};
				};
			};
			buildConfigurationList = CCA6E6B426899B67008217C9 /* Build configuration list for PBXProject "CalculatorClone" */;
			compatibilityVersion = "Xcode 9.3";
			developmentRegion = en;
			hasScannedForEncodings = 0;
			knownRegions = (
				en,
				Base,
			);
			mainGroup = CCA6E6B026899B67008217C9;
			productRefGroup = CCA6E6BA26899B68008217C9 /* Products */;
			projectDirPath = "";
			projectRoot = "";
			targets = (
				CCA6E6B826899B67008217C9 /* CalculatorClone */,
			);
		};
/* End PBXProject section */

/* Begin PBXResourcesBuildPhase section */
		CCA6E6B726899B67008217C9 /* Resources */ = {
			isa = PBXResourcesBuildPhase;
			buildActionMask = 2147483647;
			files = (
				CCA6E6C926899B69008217C9 /* LaunchScreen.storyboard in Resources */,
				CCA6E6C626899B69008217C9 /* Assets.xcassets in Resources */,
				CCA6E6C426899B68008217C9 /* Main.storyboard in Resources */,
			);
			runOnlyForDeploymentPostprocessing = 0;
		};
/* End PBXResourcesBuildPhase section */

/* Begin PBXSourcesBuildPhase section */
		CCA6E6B526899B67008217C9 /* Sources */ = {
			isa = PBXSourcesBuildPhase;
			buildActionMask = 2147483647;
			files = (
				CCA6E6C126899B68008217C9 /* ViewController.swift in Sources */,
				CCA6E6BD26899B68008217C9 /* AppDelegate.swift in Sources */,
				CC58172A26922C63004AB6FA /* BinaryOperator.swift in Sources */,
				CC300E2B268B88A600F799D4 /* CalculatorButton.swift in Sources */,
				CCA6E6BF26899B68008217C9 /* SceneDelegate.swift in Sources */,
				CC58172426919D78004AB6FA /* CalculatorBackend.swift in Sources */,
			);
			runOnlyForDeploymentPostprocessing = 0;
		};
/* End PBXSourcesBuildPhase section */

/* Begin PBXVariantGroup section */
		CCA6E6C226899B68008217C9 /* Main.storyboard */ = {
			isa = PBXVariantGroup;
			children = (
				CCA6E6C326899B68008217C9 /* Base */,
			);
			name = Main.storyboard;
			sourceTree = "<group>";
		};
		CCA6E6C726899B69008217C9 /* LaunchScreen.storyboard */ = {
			isa = PBXVariantGroup;
			children = (
				CCA6E6C826899B69008217C9 /* Base */,
			);
			name = LaunchScreen.storyboard;
			sourceTree = "<group>";
		};
/* End PBXVariantGroup section */

/* Begin XCBuildConfiguration section */
		CCA6E6CB26899B69008217C9 /* Debug */ = {
			isa = XCBuildConfiguration;
			buildSettings = {
				ALWAYS_SEARCH_USER_PATHS = NO;
				CLANG_ANALYZER_NONNULL = YES;
				CLANG_ANALYZER_NUMBER_OBJECT_CONVERSION = YES_AGGRESSIVE;
				CLANG_CXX_LANGUAGE_STANDARD = "gnu++14";
				CLANG_CXX_LIBRARY = "libc++";
				CLANG_ENABLE_MODULES = YES;
				CLANG_ENABLE_OBJC_ARC = YES;
				CLANG_ENABLE_OBJC_WEAK = YES;
				CLANG_WARN_BLOCK_CAPTURE_AUTORELEASING = YES;
				CLANG_WARN_BOOL_CONVERSION = YES;
				CLANG_WARN_COMMA = YES;
				CLANG_WARN_CONSTANT_CONVERSION = YES;
				CLANG_WARN_DEPRECATED_OBJC_IMPLEMENTATIONS = YES;
				CLANG_WARN_DIRECT_OBJC_ISA_USAGE = YES_ERROR;
				CLANG_WARN_DOCUMENTATION_COMMENTS = YES;
				CLANG_WARN_EMPTY_BODY = YES;
				CLANG_WARN_ENUM_CONVERSION = YES;
				CLANG_WARN_INFINITE_RECURSION = YES;
				CLANG_WARN_INT_CONVERSION = YES;
				CLANG_WARN_NON_LITERAL_NULL_CONVERSION = YES;
				CLANG_WARN_OBJC_IMPLICIT_RETAIN_SELF = YES;
				CLANG_WARN_OBJC_LITERAL_CONVERSION = YES;
				CLANG_WARN_OBJC_ROOT_CLASS = YES_ERROR;
				CLANG_WARN_QUOTED_INCLUDE_IN_FRAMEWORK_HEADER = YES;
				CLANG_WARN_RANGE_LOOP_ANALYSIS = YES;
				CLANG_WARN_STRICT_PROTOTYPES = YES;
				CLANG_WARN_SUSPICIOUS_MOVE = YES;
				CLANG_WARN_UNGUARDED_AVAILABILITY = YES_AGGRESSIVE;
				CLANG_WARN_UNREACHABLE_CODE = YES;
				CLANG_WARN__DUPLICATE_METHOD_MATCH = YES;
				COPY_PHASE_STRIP = NO;
				DEBUG_INFORMATION_FORMAT = dwarf;
				ENABLE_STRICT_OBJC_MSGSEND = YES;
				ENABLE_TESTABILITY = YES;
				GCC_C_LANGUAGE_STANDARD = gnu11;
				GCC_DYNAMIC_NO_PIC = NO;
				GCC_NO_COMMON_BLOCKS = YES;
				GCC_OPTIMIZATION_LEVEL = 0;
				GCC_PREPROCESSOR_DEFINITIONS = (
					"DEBUG=1",
					"$(inherited)",
				);
				GCC_WARN_64_TO_32_BIT_CONVERSION = YES;
				GCC_WARN_ABOUT_RETURN_TYPE = YES_ERROR;
				GCC_WARN_UNDECLARED_SELECTOR = YES;
				GCC_WARN_UNINITIALIZED_AUTOS = YES_AGGRESSIVE;
				GCC_WARN_UNUSED_FUNCTION = YES;
				GCC_WARN_UNUSED_VARIABLE = YES;
				IPHONEOS_DEPLOYMENT_TARGET = 14.5;
				MTL_ENABLE_DEBUG_INFO = INCLUDE_SOURCE;
				MTL_FAST_MATH = YES;
				ONLY_ACTIVE_ARCH = YES;
				SDKROOT = iphoneos;
				SWIFT_ACTIVE_COMPILATION_CONDITIONS = DEBUG;
				SWIFT_OPTIMIZATION_LEVEL = "-Onone";
			};
			name = Debug;
		};
		CCA6E6CC26899B69008217C9 /* Release */ = {
			isa = XCBuildConfiguration;
			buildSettings = {
				ALWAYS_SEARCH_USER_PATHS = NO;
				CLANG_ANALYZER_NONNULL = YES;
				CLANG_ANALYZER_NUMBER_OBJECT_CONVERSION = YES_AGGRESSIVE;
				CLANG_CXX_LANGUAGE_STANDARD = "gnu++14";
				CLANG_CXX_LIBRARY = "libc++";
				CLANG_ENABLE_MODULES = YES;
				CLANG_ENABLE_OBJC_ARC = YES;
				CLANG_ENABLE_OBJC_WEAK = YES;
				CLANG_WARN_BLOCK_CAPTURE_AUTORELEASING = YES;
				CLANG_WARN_BOOL_CONVERSION = YES;
				CLANG_WARN_COMMA = YES;
				CLANG_WARN_CONSTANT_CONVERSION = YES;
				CLANG_WARN_DEPRECATED_OBJC_IMPLEMENTATIONS = YES;
				CLANG_WARN_DIRECT_OBJC_ISA_USAGE = YES_ERROR;
				CLANG_WARN_DOCUMENTATION_COMMENTS = YES;
				CLANG_WARN_EMPTY_BODY = YES;
				CLANG_WARN_ENUM_CONVERSION = YES;
				CLANG_WARN_INFINITE_RECURSION = YES;
				CLANG_WARN_INT_CONVERSION = YES;
				CLANG_WARN_NON_LITERAL_NULL_CONVERSION = YES;
				CLANG_WARN_OBJC_IMPLICIT_RETAIN_SELF = YES;
				CLANG_WARN_OBJC_LITERAL_CONVERSION = YES;
				CLANG_WARN_OBJC_ROOT_CLASS = YES_ERROR;
				CLANG_WARN_QUOTED_INCLUDE_IN_FRAMEWORK_HEADER = YES;
				CLANG_WARN_RANGE_LOOP_ANALYSIS = YES;
				CLANG_WARN_STRICT_PROTOTYPES = YES;
				CLANG_WARN_SUSPICIOUS_MOVE = YES;
				CLANG_WARN_UNGUARDED_AVAILABILITY = YES_AGGRESSIVE;
				CLANG_WARN_UNREACHABLE_CODE = YES;
				CLANG_WARN__DUPLICATE_METHOD_MATCH = YES;
				COPY_PHASE_STRIP = NO;
				DEBUG_INFORMATION_FORMAT = "dwarf-with-dsym";
				ENABLE_NS_ASSERTIONS = NO;
				ENABLE_STRICT_OBJC_MSGSEND = YES;
				GCC_C_LANGUAGE_STANDARD = gnu11;
				GCC_NO_COMMON_BLOCKS = YES;
				GCC_WARN_64_TO_32_BIT_CONVERSION = YES;
				GCC_WARN_ABOUT_RETURN_TYPE = YES_ERROR;
				GCC_WARN_UNDECLARED_SELECTOR = YES;
				GCC_WARN_UNINITIALIZED_AUTOS = YES_AGGRESSIVE;
				GCC_WARN_UNUSED_FUNCTION = YES;
				GCC_WARN_UNUSED_VARIABLE = YES;
				IPHONEOS_DEPLOYMENT_TARGET = 14.5;
				MTL_ENABLE_DEBUG_INFO = NO;
				MTL_FAST_MATH = YES;
				SDKROOT = iphoneos;
				SWIFT_COMPILATION_MODE = wholemodule;
				SWIFT_OPTIMIZATION_LEVEL = "-O";
				VALIDATE_PRODUCT = YES;
			};
			name = Release;
		};
		CCA6E6CE26899B69008217C9 /* Debug */ = {
			isa = XCBuildConfiguration;
			buildSettings = {
				ASSETCATALOG_COMPILER_APPICON_NAME = AppIcon;
				ASSETCATALOG_COMPILER_GLOBAL_ACCENT_COLOR_NAME = AccentColor;
				CODE_SIGN_STYLE = Automatic;
				INFOPLIST_FILE = CalculatorClone/Info.plist;
				LD_RUNPATH_SEARCH_PATHS = (
					"$(inherited)",
					"@executable_path/Frameworks",
				);
				PRODUCT_BUNDLE_IDENTIFIER = com.vipinpahwa.CalculatorClone;
				PRODUCT_NAME = "$(TARGET_NAME)";
				SWIFT_VERSION = 5.0;
				TARGETED_DEVICE_FAMILY = "1,2";
			};
			name = Debug;
		};
		CCA6E6CF26899B69008217C9 /* Release */ = {
			isa = XCBuildConfiguration;
			buildSettings = {
				ASSETCATALOG_COMPILER_APPICON_NAME = AppIcon;
				ASSETCATALOG_COMPILER_GLOBAL_ACCENT_COLOR_NAME = AccentColor;
				CODE_SIGN_STYLE = Automatic;
				INFOPLIST_FILE = CalculatorClone/Info.plist;
				LD_RUNPATH_SEARCH_PATHS = (
					"$(inherited)",
					"@executable_path/Frameworks",
				);
				PRODUCT_BUNDLE_IDENTIFIER = com.vipinpahwa.CalculatorClone;
				PRODUCT_NAME = "$(TARGET_NAME)";
				SWIFT_VERSION = 5.0;
				TARGETED_DEVICE_FAMILY = "1,2";
			};
			name = Release;
		};
/* End XCBuildConfiguration section */

/* Begin XCConfigurationList section */
		CCA6E6B426899B67008217C9 /* Build configuration list for PBXProject "CalculatorClone" */ = {
			isa = XCConfigurationList;
			buildConfigurations = (
				CCA6E6CB26899B69008217C9 /* Debug */,
				CCA6E6CC26899B69008217C9 /* Release */,
			);
			defaultConfigurationIsVisible = 0;
			defaultConfigurationName = Release;
		};
		CCA6E6CD26899B69008217C9 /* Build configuration list for PBXNativeTarget "CalculatorClone" */ = {
			isa = XCConfigurationList;
			buildConfigurations = (
				CCA6E6CE26899B69008217C9 /* Debug */,
				CCA6E6CF26899B69008217C9 /* Release */,
			);
			defaultConfigurationIsVisible = 0;
			defaultConfigurationName = Release;
		};
/* End XCConfigurationList section */
	};
	rootObject = CCA6E6B126899B67008217C9 /* Project object */;
}
